// !$*UTF8*$!
{
	archiveVersion = 1;
	classes = {
	};
	objectVersion = 50;
	objects = {

/* Begin PBXBuildFile section */
		5EF467F424E021FD0021D0A9 /* AppDelegate.swift in Sources */ = {isa = PBXBuildFile; fileRef = 5EF467F324E021FD0021D0A9 /* AppDelegate.swift */; };
		5EF467F624E021FD0021D0A9 /* SceneDelegate.swift in Sources */ = {isa = PBXBuildFile; fileRef = 5EF467F524E021FD0021D0A9 /* SceneDelegate.swift */; };
		5EF467F824E021FD0021D0A9 /* ViewController.swift in Sources */ = {isa = PBXBuildFile; fileRef = 5EF467F724E021FD0021D0A9 /* ViewController.swift */; };
		5EF467FB24E021FD0021D0A9 /* Main.storyboard in Resources */ = {isa = PBXBuildFile; fileRef = 5EF467F924E021FD0021D0A9 /* Main.storyboard */; };
		5EF467FD24E022030021D0A9 /* Assets.xcassets in Resources */ = {isa = PBXBuildFile; fileRef = 5EF467FC24E022030021D0A9 /* Assets.xcassets */; };
		5EF4680024E022030021D0A9 /* LaunchScreen.storyboard in Resources */ = {isa = PBXBuildFile; fileRef = 5EF467FE24E022030021D0A9 /* LaunchScreen.storyboard */; };
		5EF4680B24E022050021D0A9 /* Weather_App_IITests.swift in Sources */ = {isa = PBXBuildFile; fileRef = 5EF4680A24E022050021D0A9 /* Weather_App_IITests.swift */; };
		5EF4681824E026600021D0A9 /* WebService.swift in Sources */ = {isa = PBXBuildFile; fileRef = 5EF4681724E026600021D0A9 /* WebService.swift */; };
		5EF4681A24E026690021D0A9 /* CacheService.swift in Sources */ = {isa = PBXBuildFile; fileRef = 5EF4681924E026690021D0A9 /* CacheService.swift */; };
/* End PBXBuildFile section */

/* Begin PBXContainerItemProxy section */
		5EF4680724E022050021D0A9 /* PBXContainerItemProxy */ = {
			isa = PBXContainerItemProxy;
			containerPortal = 5EF467E824E021FD0021D0A9 /* Project object */;
			proxyType = 1;
			remoteGlobalIDString = 5EF467EF24E021FD0021D0A9;
			remoteInfo = "Weather App II";
		};
/* End PBXContainerItemProxy section */

/* Begin PBXFileReference section */
		5EF467F024E021FD0021D0A9 /* Weather App II.app */ = {isa = PBXFileReference; explicitFileType = wrapper.application; includeInIndex = 0; path = "Weather App II.app"; sourceTree = BUILT_PRODUCTS_DIR; };
		5EF467F324E021FD0021D0A9 /* AppDelegate.swift */ = {isa = PBXFileReference; lastKnownFileType = sourcecode.swift; path = AppDelegate.swift; sourceTree = "<group>"; };
		5EF467F524E021FD0021D0A9 /* SceneDelegate.swift */ = {isa = PBXFileReference; lastKnownFileType = sourcecode.swift; path = SceneDelegate.swift; sourceTree = "<group>"; };
		5EF467F724E021FD0021D0A9 /* ViewController.swift */ = {isa = PBXFileReference; lastKnownFileType = sourcecode.swift; path = ViewController.swift; sourceTree = "<group>"; };
		5EF467FA24E021FD0021D0A9 /* Base */ = {isa = PBXFileReference; lastKnownFileType = file.storyboard; name = Base; path = Base.lproj/Main.storyboard; sourceTree = "<group>"; };
		5EF467FC24E022030021D0A9 /* Assets.xcassets */ = {isa = PBXFileReference; lastKnownFileType = folder.assetcatalog; path = Assets.xcassets; sourceTree = "<group>"; };
		5EF467FF24E022030021D0A9 /* Base */ = {isa = PBXFileReference; lastKnownFileType = file.storyboard; name = Base; path = Base.lproj/LaunchScreen.storyboard; sourceTree = "<group>"; };
		5EF4680124E022030021D0A9 /* Info.plist */ = {isa = PBXFileReference; lastKnownFileType = text.plist.xml; path = Info.plist; sourceTree = "<group>"; };
		5EF4680624E022050021D0A9 /* Weather App IITests.xctest */ = {isa = PBXFileReference; explicitFileType = wrapper.cfbundle; includeInIndex = 0; path = "Weather App IITests.xctest"; sourceTree = BUILT_PRODUCTS_DIR; };
		5EF4680A24E022050021D0A9 /* Weather_App_IITests.swift */ = {isa = PBXFileReference; lastKnownFileType = sourcecode.swift; path = Weather_App_IITests.swift; sourceTree = "<group>"; };
		5EF4680C24E022050021D0A9 /* Info.plist */ = {isa = PBXFileReference; lastKnownFileType = text.plist.xml; path = Info.plist; sourceTree = "<group>"; };
		5EF4681724E026600021D0A9 /* WebService.swift */ = {isa = PBXFileReference; lastKnownFileType = sourcecode.swift; path = WebService.swift; sourceTree = "<group>"; };
		5EF4681924E026690021D0A9 /* CacheService.swift */ = {isa = PBXFileReference; lastKnownFileType = sourcecode.swift; path = CacheService.swift; sourceTree = "<group>"; };
/* End PBXFileReference section */

/* Begin PBXFrameworksBuildPhase section */
		5EF467ED24E021FD0021D0A9 /* Frameworks */ = {
			isa = PBXFrameworksBuildPhase;
			buildActionMask = 2147483647;
			files = (
			);
			runOnlyForDeploymentPostprocessing = 0;
		};
		5EF4680324E022050021D0A9 /* Frameworks */ = {
			isa = PBXFrameworksBuildPhase;
			buildActionMask = 2147483647;
			files = (
			);
			runOnlyForDeploymentPostprocessing = 0;
		};
/* End PBXFrameworksBuildPhase section */

/* Begin PBXGroup section */
		5EF467E724E021FD0021D0A9 = {
			isa = PBXGroup;
			children = (
				5EF467F224E021FD0021D0A9 /* Weather App II */,
				5EF4680924E022050021D0A9 /* Weather App IITests */,
				5EF467F124E021FD0021D0A9 /* Products */,
			);
			sourceTree = "<group>";
		};
		5EF467F124E021FD0021D0A9 /* Products */ = {
			isa = PBXGroup;
			children = (
				5EF467F024E021FD0021D0A9 /* Weather App II.app */,
				5EF4680624E022050021D0A9 /* Weather App IITests.xctest */,
			);
			name = Products;
			sourceTree = "<group>";
		};
		5EF467F224E021FD0021D0A9 /* Weather App II */ = {
			isa = PBXGroup;
			children = (
				5EF4681524E025ED0021D0A9 /* App Delegate */,
				5EF4681624E025FA0021D0A9 /* Resources */,
				5EF467F724E021FD0021D0A9 /* ViewController.swift */,
				5EF4680124E022030021D0A9 /* Info.plist */,
				5EF4681724E026600021D0A9 /* WebService.swift */,
				5EF4681924E026690021D0A9 /* CacheService.swift */,
			);
			path = "Weather App II";
			sourceTree = "<group>";
		};
		5EF4680924E022050021D0A9 /* Weather App IITests */ = {
			isa = PBXGroup;
			children = (
				5EF4680A24E022050021D0A9 /* Weather_App_IITests.swift */,
				5EF4680C24E022050021D0A9 /* Info.plist */,
			);
			path = "Weather App IITests";
			sourceTree = "<group>";
		};
		5EF4681524E025ED0021D0A9 /* App Delegate */ = {
			isa = PBXGroup;
			children = (
				5EF467F324E021FD0021D0A9 /* AppDelegate.swift */,
				5EF467F524E021FD0021D0A9 /* SceneDelegate.swift */,
			);
			path = "App Delegate";
			sourceTree = "<group>";
		};
		5EF4681624E025FA0021D0A9 /* Resources */ = {
			isa = PBXGroup;
			children = (
				5EF467F924E021FD0021D0A9 /* Main.storyboard */,
				5EF467FC24E022030021D0A9 /* Assets.xcassets */,
				5EF467FE24E022030021D0A9 /* LaunchScreen.storyboard */,
			);
			path = Resources;
			sourceTree = "<group>";
		};
/* End PBXGroup section */

/* Begin PBXNativeTarget section */
		5EF467EF24E021FD0021D0A9 /* Weather App II */ = {
			isa = PBXNativeTarget;
			buildConfigurationList = 5EF4680F24E022050021D0A9 /* Build configuration list for PBXNativeTarget "Weather App II" */;
			buildPhases = (
				5EF467EC24E021FD0021D0A9 /* Sources */,
				5EF467ED24E021FD0021D0A9 /* Frameworks */,
				5EF467EE24E021FD0021D0A9 /* Resources */,
			);
			buildRules = (
			);
			dependencies = (
			);
			name = "Weather App II";
			productName = "Weather App II";
			productReference = 5EF467F024E021FD0021D0A9 /* Weather App II.app */;
			productType = "com.apple.product-type.application";
		};
		5EF4680524E022050021D0A9 /* Weather App IITests */ = {
			isa = PBXNativeTarget;
			buildConfigurationList = 5EF4681224E022050021D0A9 /* Build configuration list for PBXNativeTarget "Weather App IITests" */;
			buildPhases = (
				5EF4680224E022050021D0A9 /* Sources */,
				5EF4680324E022050021D0A9 /* Frameworks */,
				5EF4680424E022050021D0A9 /* Resources */,
			);
			buildRules = (
			);
			dependencies = (
				5EF4680824E022050021D0A9 /* PBXTargetDependency */,
			);
			name = "Weather App IITests";
			productName = "Weather App IITests";
			productReference = 5EF4680624E022050021D0A9 /* Weather App IITests.xctest */;
			productType = "com.apple.product-type.bundle.unit-test";
		};
/* End PBXNativeTarget section */

/* Begin PBXProject section */
		5EF467E824E021FD0021D0A9 /* Project object */ = {
			isa = PBXProject;
			attributes = {
				LastSwiftUpdateCheck = 1140;
				LastUpgradeCheck = 1140;
				ORGANIZATIONNAME = "Sylvan Ash";
				TargetAttributes = {
					5EF467EF24E021FD0021D0A9 = {
						CreatedOnToolsVersion = 11.4.1;
					};
					5EF4680524E022050021D0A9 = {
						CreatedOnToolsVersion = 11.4.1;
						TestTargetID = 5EF467EF24E021FD0021D0A9;
					};
				};
			};
			buildConfigurationList = 5EF467EB24E021FD0021D0A9 /* Build configuration list for PBXProject "Weather App II" */;
			compatibilityVersion = "Xcode 9.3";
			developmentRegion = en;
			hasScannedForEncodings = 0;
			knownRegions = (
				en,
				Base,
			);
			mainGroup = 5EF467E724E021FD0021D0A9;
			productRefGroup = 5EF467F124E021FD0021D0A9 /* Products */;
			projectDirPath = "";
			projectRoot = "";
			targets = (
				5EF467EF24E021FD0021D0A9 /* Weather App II */,
				5EF4680524E022050021D0A9 /* Weather App IITests */,
			);
		};
/* End PBXProject section */

/* Begin PBXResourcesBuildPhase section */
		5EF467EE24E021FD0021D0A9 /* Resources */ = {
			isa = PBXResourcesBuildPhase;
			buildActionMask = 2147483647;
			files = (
				5EF4680024E022030021D0A9 /* LaunchScreen.storyboard in Resources */,
				5EF467FD24E022030021D0A9 /* Assets.xcassets in Resources */,
				5EF467FB24E021FD0021D0A9 /* Main.storyboard in Resources */,
			);
			runOnlyForDeploymentPostprocessing = 0;
		};
		5EF4680424E022050021D0A9 /* Resources */ = {
			isa = PBXResourcesBuildPhase;
			buildActionMask = 2147483647;
			files = (
			);
			runOnlyForDeploymentPostprocessing = 0;
		};
/* End PBXResourcesBuildPhase section */

/* Begin PBXSourcesBuildPhase section */
		5EF467EC24E021FD0021D0A9 /* Sources */ = {
			isa = PBXSourcesBuildPhase;
			buildActionMask = 2147483647;
			files = (
				5EF467F824E021FD0021D0A9 /* ViewController.swift in Sources */,
				5EF467F424E021FD0021D0A9 /* AppDelegate.swift in Sources */,
				5EF4681824E026600021D0A9 /* WebService.swift in Sources */,
				5EF467F624E021FD0021D0A9 /* SceneDelegate.swift in Sources */,
				5EF4681A24E026690021D0A9 /* CacheService.swift in Sources */,
			);
			runOnlyForDeploymentPostprocessing = 0;
		};
		5EF4680224E022050021D0A9 /* Sources */ = {
			isa = PBXSourcesBuildPhase;
			buildActionMask = 2147483647;
			files = (
				5EF4680B24E022050021D0A9 /* Weather_App_IITests.swift in Sources */,
			);
			runOnlyForDeploymentPostprocessing = 0;
		};
/* End PBXSourcesBuildPhase section */

/* Begin PBXTargetDependency section */
		5EF4680824E022050021D0A9 /* PBXTargetDependency */ = {
			isa = PBXTargetDependency;
			target = 5EF467EF24E021FD0021D0A9 /* Weather App II */;
			targetProxy = 5EF4680724E022050021D0A9 /* PBXContainerItemProxy */;
		};
/* End PBXTargetDependency section */

/* Begin PBXVariantGroup section */
		5EF467F924E021FD0021D0A9 /* Main.storyboard */ = {
			isa = PBXVariantGroup;
			children = (
				5EF467FA24E021FD0021D0A9 /* Base */,
			);
			name = Main.storyboard;
			sourceTree = "<group>";
		};
		5EF467FE24E022030021D0A9 /* LaunchScreen.storyboard */ = {
			isa = PBXVariantGroup;
			children = (
				5EF467FF24E022030021D0A9 /* Base */,
			);
			name = LaunchScreen.storyboard;
			sourceTree = "<group>";
		};
/* End PBXVariantGroup section */

/* Begin XCBuildConfiguration section */
		5EF4680D24E022050021D0A9 /* Debug */ = {
			isa = XCBuildConfiguration;
			buildSettings = {
				ALWAYS_SEARCH_USER_PATHS = NO;
				CLANG_ANALYZER_NONNULL = YES;
				CLANG_ANALYZER_NUMBER_OBJECT_CONVERSION = YES_AGGRESSIVE;
				CLANG_CXX_LANGUAGE_STANDARD = "gnu++14";
				CLANG_CXX_LIBRARY = "libc++";
				CLANG_ENABLE_MODULES = YES;
				CLANG_ENABLE_OBJC_ARC = YES;
				CLANG_ENABLE_OBJC_WEAK = YES;
				CLANG_WARN_BLOCK_CAPTURE_AUTORELEASING = YES;
				CLANG_WARN_BOOL_CONVERSION = YES;
				CLANG_WARN_COMMA = YES;
				CLANG_WARN_CONSTANT_CONVERSION = YES;
				CLANG_WARN_DEPRECATED_OBJC_IMPLEMENTATIONS = YES;
				CLANG_WARN_DIRECT_OBJC_ISA_USAGE = YES_ERROR;
				CLANG_WARN_DOCUMENTATION_COMMENTS = YES;
				CLANG_WARN_EMPTY_BODY = YES;
				CLANG_WARN_ENUM_CONVERSION = YES;
				CLANG_WARN_INFINITE_RECURSION = YES;
				CLANG_WARN_INT_CONVERSION = YES;
				CLANG_WARN_NON_LITERAL_NULL_CONVERSION = YES;
				CLANG_WARN_OBJC_IMPLICIT_RETAIN_SELF = YES;
				CLANG_WARN_OBJC_LITERAL_CONVERSION = YES;
				CLANG_WARN_OBJC_ROOT_CLASS = YES_ERROR;
				CLANG_WARN_RANGE_LOOP_ANALYSIS = YES;
				CLANG_WARN_STRICT_PROTOTYPES = YES;
				CLANG_WARN_SUSPICIOUS_MOVE = YES;
				CLANG_WARN_UNGUARDED_AVAILABILITY = YES_AGGRESSIVE;
				CLANG_WARN_UNREACHABLE_CODE = YES;
				CLANG_WARN__DUPLICATE_METHOD_MATCH = YES;
				COPY_PHASE_STRIP = NO;
				DEBUG_INFORMATION_FORMAT = dwarf;
				ENABLE_STRICT_OBJC_MSGSEND = YES;
				ENABLE_TESTABILITY = YES;
				GCC_C_LANGUAGE_STANDARD = gnu11;
				GCC_DYNAMIC_NO_PIC = NO;
				GCC_NO_COMMON_BLOCKS = YES;
				GCC_OPTIMIZATION_LEVEL = 0;
				GCC_PREPROCESSOR_DEFINITIONS = (
					"DEBUG=1",
					"$(inherited)",
				);
				GCC_WARN_64_TO_32_BIT_CONVERSION = YES;
				GCC_WARN_ABOUT_RETURN_TYPE = YES_ERROR;
				GCC_WARN_UNDECLARED_SELECTOR = YES;
				GCC_WARN_UNINITIALIZED_AUTOS = YES_AGGRESSIVE;
				GCC_WARN_UNUSED_FUNCTION = YES;
				GCC_WARN_UNUSED_VARIABLE = YES;
				IPHONEOS_DEPLOYMENT_TARGET = 13.4;
				MTL_ENABLE_DEBUG_INFO = INCLUDE_SOURCE;
				MTL_FAST_MATH = YES;
				ONLY_ACTIVE_ARCH = YES;
				SDKROOT = iphoneos;
				SWIFT_ACTIVE_COMPILATION_CONDITIONS = DEBUG;
				SWIFT_OPTIMIZATION_LEVEL = "-Onone";
			};
			name = Debug;
		};
		5EF4680E24E022050021D0A9 /* Release */ = {
			isa = XCBuildConfiguration;
			buildSettings = {
				ALWAYS_SEARCH_USER_PATHS = NO;
				CLANG_ANALYZER_NONNULL = YES;
				CLANG_ANALYZER_NUMBER_OBJECT_CONVERSION = YES_AGGRESSIVE;
				CLANG_CXX_LANGUAGE_STANDARD = "gnu++14";
				CLANG_CXX_LIBRARY = "libc++";
				CLANG_ENABLE_MODULES = YES;
				CLANG_ENABLE_OBJC_ARC = YES;
				CLANG_ENABLE_OBJC_WEAK = YES;
				CLANG_WARN_BLOCK_CAPTURE_AUTORELEASING = YES;
				CLANG_WARN_BOOL_CONVERSION = YES;
				CLANG_WARN_COMMA = YES;
				CLANG_WARN_CONSTANT_CONVERSION = YES;
				CLANG_WARN_DEPRECATED_OBJC_IMPLEMENTATIONS = YES;
				CLANG_WARN_DIRECT_OBJC_ISA_USAGE = YES_ERROR;
				CLANG_WARN_DOCUMENTATION_COMMENTS = YES;
				CLANG_WARN_EMPTY_BODY = YES;
				CLANG_WARN_ENUM_CONVERSION = YES;
				CLANG_WARN_INFINITE_RECURSION = YES;
				CLANG_WARN_INT_CONVERSION = YES;
				CLANG_WARN_NON_LITERAL_NULL_CONVERSION = YES;
				CLANG_WARN_OBJC_IMPLICIT_RETAIN_SELF = YES;
				CLANG_WARN_OBJC_LITERAL_CONVERSION = YES;
				CLANG_WARN_OBJC_ROOT_CLASS = YES_ERROR;
				CLANG_WARN_RANGE_LOOP_ANALYSIS = YES;
				CLANG_WARN_STRICT_PROTOTYPES = YES;
				CLANG_WARN_SUSPICIOUS_MOVE = YES;
				CLANG_WARN_UNGUARDED_AVAILABILITY = YES_AGGRESSIVE;
				CLANG_WARN_UNREACHABLE_CODE = YES;
				CLANG_WARN__DUPLICATE_METHOD_MATCH = YES;
				COPY_PHASE_STRIP = NO;
				DEBUG_INFORMATION_FORMAT = "dwarf-with-dsym";
				ENABLE_NS_ASSERTIONS = NO;
				ENABLE_STRICT_OBJC_MSGSEND = YES;
				GCC_C_LANGUAGE_STANDARD = gnu11;
				GCC_NO_COMMON_BLOCKS = YES;
				GCC_WARN_64_TO_32_BIT_CONVERSION = YES;
				GCC_WARN_ABOUT_RETURN_TYPE = YES_ERROR;
				GCC_WARN_UNDECLARED_SELECTOR = YES;
				GCC_WARN_UNINITIALIZED_AUTOS = YES_AGGRESSIVE;
				GCC_WARN_UNUSED_FUNCTION = YES;
				GCC_WARN_UNUSED_VARIABLE = YES;
				IPHONEOS_DEPLOYMENT_TARGET = 13.4;
				MTL_ENABLE_DEBUG_INFO = NO;
				MTL_FAST_MATH = YES;
				SDKROOT = iphoneos;
				SWIFT_COMPILATION_MODE = wholemodule;
				SWIFT_OPTIMIZATION_LEVEL = "-O";
				VALIDATE_PRODUCT = YES;
			};
			name = Release;
		};
		5EF4681024E022050021D0A9 /* Debug */ = {
			isa = XCBuildConfiguration;
			buildSettings = {
				ASSETCATALOG_COMPILER_APPICON_NAME = AppIcon;
				CODE_SIGN_STYLE = Automatic;
				INFOPLIST_FILE = "Weather App II/Info.plist";
				LD_RUNPATH_SEARCH_PATHS = (
					"$(inherited)",
					"@executable_path/Frameworks",
				);
				PRODUCT_BUNDLE_IDENTIFIER = "com.daitensai.Weather-App-II";
				PRODUCT_NAME = "$(TARGET_NAME)";
				SWIFT_VERSION = 5.0;
				TARGETED_DEVICE_FAMILY = "1,2";
			};
			name = Debug;
		};
		5EF4681124E022050021D0A9 /* Release */ = {
			isa = XCBuildConfiguration;
			buildSettings = {
				ASSETCATALOG_COMPILER_APPICON_NAME = AppIcon;
				CODE_SIGN_STYLE = Automatic;
				INFOPLIST_FILE = "Weather App II/Info.plist";
				LD_RUNPATH_SEARCH_PATHS = (
					"$(inherited)",
					"@executable_path/Frameworks",
				);
				PRODUCT_BUNDLE_IDENTIFIER = "com.daitensai.Weather-App-II";
				PRODUCT_NAME = "$(TARGET_NAME)";
				SWIFT_VERSION = 5.0;
				TARGETED_DEVICE_FAMILY = "1,2";
			};
			name = Release;
		};
		5EF4681324E022050021D0A9 /* Debug */ = {
			isa = XCBuildConfiguration;
			buildSettings = {
				ALWAYS_EMBED_SWIFT_STANDARD_LIBRARIES = YES;
				BUNDLE_LOADER = "$(TEST_HOST)";
				CODE_SIGN_STYLE = Automatic;
				INFOPLIST_FILE = "Weather App IITests/Info.plist";
				IPHONEOS_DEPLOYMENT_TARGET = 13.4;
				LD_RUNPATH_SEARCH_PATHS = (
					"$(inherited)",
					"@executable_path/Frameworks",
					"@loader_path/Frameworks",
				);
				PRODUCT_BUNDLE_IDENTIFIER = "com.daitensai.Weather-App-IITests";
				PRODUCT_NAME = "$(TARGET_NAME)";
				SWIFT_VERSION = 5.0;
				TARGETED_DEVICE_FAMILY = "1,2";
				TEST_HOST = "$(BUILT_PRODUCTS_DIR)/Weather App II.app/Weather App II";
			};
			name = Debug;
		};
		5EF4681424E022050021D0A9 /* Release */ = {
			isa = XCBuildConfiguration;
			buildSettings = {
				ALWAYS_EMBED_SWIFT_STANDARD_LIBRARIES = YES;
				BUNDLE_LOADER = "$(TEST_HOST)";
				CODE_SIGN_STYLE = Automatic;
				INFOPLIST_FILE = "Weather App IITests/Info.plist";
				IPHONEOS_DEPLOYMENT_TARGET = 13.4;
				LD_RUNPATH_SEARCH_PATHS = (
					"$(inherited)",
					"@executable_path/Frameworks",
					"@loader_path/Frameworks",
				);
				PRODUCT_BUNDLE_IDENTIFIER = "com.daitensai.Weather-App-IITests";
				PRODUCT_NAME = "$(TARGET_NAME)";
				SWIFT_VERSION = 5.0;
				TARGETED_DEVICE_FAMILY = "1,2";
				TEST_HOST = "$(BUILT_PRODUCTS_DIR)/Weather App II.app/Weather App II";
			};
			name = Release;
		};
/* End XCBuildConfiguration section */

/* Begin XCConfigurationList section */
		5EF467EB24E021FD0021D0A9 /* Build configuration list for PBXProject "Weather App II" */ = {
			isa = XCConfigurationList;
			buildConfigurations = (
				5EF4680D24E022050021D0A9 /* Debug */,
				5EF4680E24E022050021D0A9 /* Release */,
			);
			defaultConfigurationIsVisible = 0;
			defaultConfigurationName = Release;
		};
		5EF4680F24E022050021D0A9 /* Build configuration list for PBXNativeTarget "Weather App II" */ = {
			isa = XCConfigurationList;
			buildConfigurations = (
				5EF4681024E022050021D0A9 /* Debug */,
				5EF4681124E022050021D0A9 /* Release */,
			);
			defaultConfigurationIsVisible = 0;
			defaultConfigurationName = Release;
		};
		5EF4681224E022050021D0A9 /* Build configuration list for PBXNativeTarget "Weather App IITests" */ = {
			isa = XCConfigurationList;
			buildConfigurations = (
				5EF4681324E022050021D0A9 /* Debug */,
				5EF4681424E022050021D0A9 /* Release */,
			);
			defaultConfigurationIsVisible = 0;
			defaultConfigurationName = Release;
		};
/* End XCConfigurationList section */
	};
	rootObject = 5EF467E824E021FD0021D0A9 /* Project object */;
}
